
Microsoft Visual Studio Solution File, Format Version 12.00
# Visual Studio Version 17
VisualStudioVersion = 17.4.33103.184
MinimumVisualStudioVersion = 10.0.40219.1
Project("{FAE04EC0-301F-11D3-BF4B-00C04F79EFBC}") = "lesson1", "lesson1\lesson1.csproj", "{D28DEC36-B28E-466C-B195-C25B44C5F1A9}"
EndProject
Global
	GlobalSection(SolutionConfigurationPlatforms) = preSolution
		Debug|Any CPU = Debug|Any CPU
		Release|Any CPU = Release|Any CPU
	EndGlobalSection
	GlobalSection(ProjectConfigurationPlatforms) = postSolution
		{D28DEC36-B28E-466C-B195-C25B44C5F1A9}.Debug|Any CPU.ActiveCfg = Debug|Any CPU
		{D28DEC36-B28E-466C-B195-C25B44C5F1A9}.Debug|Any CPU.Build.0 = Debug|Any CPU
		{D28DEC36-B28E-466C-B195-C25B44C5F1A9}.Release|Any CPU.ActiveCfg = Release|Any CPU
		{D28DEC36-B28E-466C-B195-C25B44C5F1A9}.Release|Any CPU.Build.0 = Release|Any CPU
	EndGlobalSection
	GlobalSection(SolutionProperties) = preSolution
		HideSolutionNode = FALSE
	EndGlobalSection
	GlobalSection(ExtensibilityGlobals) = postSolution
		SolutionGuid = {A6A055CF-484B-4E6F-90DF-6103590523D6}
	EndGlobalSection
EndGlobal
